{
  "name": "json-schema-to-typescript-example",
  "version": "1.0.0",
  "lockfileVersion": 3,
  "requires": true,
  "packages": {
    "": {
      "name": "json-schema-to-typescript-example",
      "version": "1.0.0",
      "license": "MIT",
      "dependencies": {
        "@types/node": "^13.13.4",
        "json-schema-to-typescript": "file:..",
        "typescript": "^4.9.5"
      }
    },
    "..": {
      "version": "15.0.3",
      "license": "MIT",
      "dependencies": {
        "@apidevtools/json-schema-ref-parser": "^11.5.5",
        "@types/json-schema": "^7.0.15",
        "@types/lodash": "^4.17.7",
        "js-yaml": "^4.1.0",
        "lodash": "^4.17.21",
        "minimist": "^1.2.8",
        "prettier": "^3.2.5",
        "tinyglobby": "^0.2.9"
      },
      "bin": {
        "json2ts": "dist/src/cli.js"
      },
      "devDependencies": {
        "@types/cli-color": "^2.0.6",
        "@types/js-yaml": "^4.0.9",
        "@types/minimist": "^1.2.5",
        "@types/node": "^20.12.7",
        "@typescript-eslint/eslint-plugin": "^7.7.0",
        "@typescript-eslint/parser": "^7.7.0",
        "ava": "^6.1.2",
        "browserify": "^17.0.0",
        "browserify-shim": "^3.8.16",
        "cli-color": "^2.0.4",
        "concurrently": "^8.2.2",
        "eslint": "^8.56.0",
        "eslint-config-prettier": "^9.1.0",
        "eslint-plugin-prettier": "^5.1.3",
        "rimraf": "^5.0.5",
        "shx": "^0.3.4",
        "tsify": "^5.0.4",
        "typescript": "^5.4.5"
      },
      "engines": {
        "node": ">=16.0.0"
      }
    },
    "node_modules/@types/node": {
      "version": "13.13.4",
      "resolved": "https://registry.npmjs.org/@types/node/-/node-13.13.4.tgz",
      "integrity": "sha512-x26ur3dSXgv5AwKS0lNfbjpCakGIduWU1DU91Zz58ONRWrIKGunmZBNv4P7N+e27sJkiGDsw/3fT4AtsqQBrBA=="
    },
    "node_modules/json-schema-to-typescript": {
      "resolved": "..",
      "link": true
    },
    "node_modules/typescript": {
      "version": "4.9.5",
      "resolved": "https://registry.npmjs.org/typescript/-/typescript-4.9.5.tgz",
      "integrity": "sha512-1FXk9E2Hm+QzZQ7z+McJiHL4NW1F2EzMu9Nq9i3zAaGqibafqYwCVU6WyWAuyQRRzOlxou8xZSyXLEN8oKj24g==",
      "bin": {
        "tsc": "bin/tsc",
        "tsserver": "bin/tsserver"
      },
      "engines": {
        "node": ">=4.2.0"
      }
    }
  }
}
